{
  "name": "gantt",
  "version": "1.0.0",
  "lockfileVersion": 3,
  "requires": true,
  "packages": {
    "": {
      "name": "gantt",
      "version": "1.0.0",
      "license": "ISC",
      "dependencies": {
        "dhtmlx-gantt": "^8.0.9"
      }
    },
    "node_modules/dhtmlx-gantt": {
      "version": "8.0.9",
      "resolved": "https://registry.npmjs.org/dhtmlx-gantt/-/dhtmlx-gantt-8.0.9.tgz",
      "integrity": "sha512-DONbnIjmVv7KiuHPmSEjZA2/XoSVGOviqx2vxRk/Vml+m8/YWMhoW+vP/rfkGEL8N764Gay41hI1ztfiNjWIVQ=="
    }
  }
}
